
Microsoft Visual Studio Solution File, Format Version 12.00
# Visual Studio Version 17
VisualStudioVersion = 17.3.32901.215
MinimumVisualStudioVersion = 10.0.40219.1
Project("{9A19103F-16F7-4668-BE54-9A1E7A4F7556}") = "FinalProject.DataModel", "FinalProject.DataModel\FinalProject.DataModel.csproj", "{5A687250-A513-4375-BE4E-AF161B47BB9B}"
EndProject
Project("{9A19103F-16F7-4668-BE54-9A1E7A4F7556}") = "FinalProject.App", "FinalProject.App\FinalProject.App.csproj", "{F684A467-8F53-4BB8-94B6-DE53B5149F17}"
EndProject
Project("{FAE04EC0-301F-11D3-BF4B-00C04F79EFBC}") = "Finals.DataModel", "Finals.DataModel\Finals.DataModel.csproj", "{834369F2-6E87-4BFC-A234-9DB970D4E43F}"
EndProject
Global
	GlobalSection(SolutionConfigurationPlatforms) = preSolution
		Debug|Any CPU = Debug|Any CPU
		Release|Any CPU = Release|Any CPU
	EndGlobalSection
	GlobalSection(ProjectConfigurationPlatforms) = postSolution
		{5A687250-A513-4375-BE4E-AF161B47BB9B}.Debug|Any CPU.ActiveCfg = Debug|Any CPU
		{5A687250-A513-4375-BE4E-AF161B47BB9B}.Debug|Any CPU.Build.0 = Debug|Any CPU
		{5A687250-A513-4375-BE4E-AF161B47BB9B}.Release|Any CPU.ActiveCfg = Release|Any CPU
		{5A687250-A513-4375-BE4E-AF161B47BB9B}.Release|Any CPU.Build.0 = Release|Any CPU
		{F684A467-8F53-4BB8-94B6-DE53B5149F17}.Debug|Any CPU.ActiveCfg = Debug|Any CPU
		{F684A467-8F53-4BB8-94B6-DE53B5149F17}.Debug|Any CPU.Build.0 = Debug|Any CPU
		{F684A467-8F53-4BB8-94B6-DE53B5149F17}.Release|Any CPU.ActiveCfg = Release|Any CPU
		{F684A467-8F53-4BB8-94B6-DE53B5149F17}.Release|Any CPU.Build.0 = Release|Any CPU
		{834369F2-6E87-4BFC-A234-9DB970D4E43F}.Debug|Any CPU.ActiveCfg = Debug|Any CPU
		{834369F2-6E87-4BFC-A234-9DB970D4E43F}.Debug|Any CPU.Build.0 = Debug|Any CPU
		{834369F2-6E87-4BFC-A234-9DB970D4E43F}.Release|Any CPU.ActiveCfg = Release|Any CPU
		{834369F2-6E87-4BFC-A234-9DB970D4E43F}.Release|Any CPU.Build.0 = Release|Any CPU
	EndGlobalSection
	GlobalSection(SolutionProperties) = preSolution
		HideSolutionNode = FALSE
	EndGlobalSection
	GlobalSection(ExtensibilityGlobals) = postSolution
		SolutionGuid = {D939936E-D74E-4137-9306-ADEE9E6485C0}
	EndGlobalSection
EndGlobal
